
Microsoft Visual Studio Solution File, Format Version 12.00
# Visual Studio Version 17
VisualStudioVersion = 17.4.33122.133
MinimumVisualStudioVersion = 10.0.40219.1
Project("{8BC9CEB8-8B4A-11D0-8D11-00A0C91BC942}") = "GrML_cpp", "..\GrML_cpp\GrML_cpp.vcxproj", "{F1C7394F-0819-486E-A6B5-628D541533F1}"
EndProject
Project("{888888A0-9F3D-457C-B088-3A5042F75D52}") = "GrML", "GrML.pyproj", "{FF546CFE-E56A-4287-81C1-C413C1548EBA}"
EndProject
Global
	GlobalSection(SolutionConfigurationPlatforms) = preSolution
		Debug|Any CPU = Debug|Any CPU
		Debug|x64 = Debug|x64
		Debug|x86 = Debug|x86
		Release|Any CPU = Release|Any CPU
		Release|x64 = Release|x64
		Release|x86 = Release|x86
	EndGlobalSection
	GlobalSection(ProjectConfigurationPlatforms) = postSolution
		{F1C7394F-0819-486E-A6B5-628D541533F1}.Debug|Any CPU.ActiveCfg = Debug|x64
		{F1C7394F-0819-486E-A6B5-628D541533F1}.Debug|Any CPU.Build.0 = Debug|x64
		{F1C7394F-0819-486E-A6B5-628D541533F1}.Debug|x64.ActiveCfg = Debug|x64
		{F1C7394F-0819-486E-A6B5-628D541533F1}.Debug|x64.Build.0 = Debug|x64
		{F1C7394F-0819-486E-A6B5-628D541533F1}.Debug|x86.ActiveCfg = Debug|Win32
		{F1C7394F-0819-486E-A6B5-628D541533F1}.Debug|x86.Build.0 = Debug|Win32
		{F1C7394F-0819-486E-A6B5-628D541533F1}.Release|Any CPU.ActiveCfg = Release|x64
		{F1C7394F-0819-486E-A6B5-628D541533F1}.Release|Any CPU.Build.0 = Release|x64
		{F1C7394F-0819-486E-A6B5-628D541533F1}.Release|x64.ActiveCfg = Release|x64
		{F1C7394F-0819-486E-A6B5-628D541533F1}.Release|x64.Build.0 = Release|x64
		{F1C7394F-0819-486E-A6B5-628D541533F1}.Release|x86.ActiveCfg = Release|Win32
		{F1C7394F-0819-486E-A6B5-628D541533F1}.Release|x86.Build.0 = Release|Win32
		{FF546CFE-E56A-4287-81C1-C413C1548EBA}.Debug|Any CPU.ActiveCfg = Debug|Any CPU
		{FF546CFE-E56A-4287-81C1-C413C1548EBA}.Debug|x64.ActiveCfg = Debug|Any CPU
		{FF546CFE-E56A-4287-81C1-C413C1548EBA}.Debug|x86.ActiveCfg = Debug|Any CPU
		{FF546CFE-E56A-4287-81C1-C413C1548EBA}.Release|Any CPU.ActiveCfg = Release|Any CPU
		{FF546CFE-E56A-4287-81C1-C413C1548EBA}.Release|x64.ActiveCfg = Release|Any CPU
		{FF546CFE-E56A-4287-81C1-C413C1548EBA}.Release|x86.ActiveCfg = Release|Any CPU
	EndGlobalSection
	GlobalSection(SolutionProperties) = preSolution
		HideSolutionNode = FALSE
	EndGlobalSection
	GlobalSection(ExtensibilityGlobals) = postSolution
		SolutionGuid = {A915C5C6-1246-4059-992B-CA2ABB699B73}
	EndGlobalSection
EndGlobal
